
Microsoft Visual Studio Solution File, Format Version 12.00
# Visual Studio Version 17
VisualStudioVersion = 17.3.32825.248
MinimumVisualStudioVersion = 10.0.40219.1
Project("{FAE04EC0-301F-11D3-BF4B-00C04F79EFBC}") = "IceSync.API", "IceSync.API\IceSync.API.csproj", "{764778FE-86E1-4430-AAAE-443D14CCE02C}"
EndProject
Project("{FAE04EC0-301F-11D3-BF4B-00C04F79EFBC}") = "IceSync.Domain", "IceSync.Domain\IceSync.Domain.csproj", "{0429C4E4-6411-4271-AB91-ED5A1D756BEB}"
EndProject
Project("{FAE04EC0-301F-11D3-BF4B-00C04F79EFBC}") = "IceSync.Infrastructure", "IceSync.Infrastructure\IceSync.Infrastructure.csproj", "{83E9B688-D27D-4693-B439-45CDE9B5CFAE}"
EndProject
Global
	GlobalSection(SolutionConfigurationPlatforms) = preSolution
		Debug|Any CPU = Debug|Any CPU
		Release|Any CPU = Release|Any CPU
	EndGlobalSection
	GlobalSection(ProjectConfigurationPlatforms) = postSolution
		{764778FE-86E1-4430-AAAE-443D14CCE02C}.Debug|Any CPU.ActiveCfg = Debug|Any CPU
		{764778FE-86E1-4430-AAAE-443D14CCE02C}.Debug|Any CPU.Build.0 = Debug|Any CPU
		{764778FE-86E1-4430-AAAE-443D14CCE02C}.Release|Any CPU.ActiveCfg = Release|Any CPU
		{764778FE-86E1-4430-AAAE-443D14CCE02C}.Release|Any CPU.Build.0 = Release|Any CPU
		{0429C4E4-6411-4271-AB91-ED5A1D756BEB}.Debug|Any CPU.ActiveCfg = Debug|Any CPU
		{0429C4E4-6411-4271-AB91-ED5A1D756BEB}.Debug|Any CPU.Build.0 = Debug|Any CPU
		{0429C4E4-6411-4271-AB91-ED5A1D756BEB}.Release|Any CPU.ActiveCfg = Release|Any CPU
		{0429C4E4-6411-4271-AB91-ED5A1D756BEB}.Release|Any CPU.Build.0 = Release|Any CPU
		{83E9B688-D27D-4693-B439-45CDE9B5CFAE}.Debug|Any CPU.ActiveCfg = Debug|Any CPU
		{83E9B688-D27D-4693-B439-45CDE9B5CFAE}.Debug|Any CPU.Build.0 = Debug|Any CPU
		{83E9B688-D27D-4693-B439-45CDE9B5CFAE}.Release|Any CPU.ActiveCfg = Release|Any CPU
		{83E9B688-D27D-4693-B439-45CDE9B5CFAE}.Release|Any CPU.Build.0 = Release|Any CPU
	EndGlobalSection
	GlobalSection(SolutionProperties) = preSolution
		HideSolutionNode = FALSE
	EndGlobalSection
	GlobalSection(ExtensibilityGlobals) = postSolution
		SolutionGuid = {66EB3B98-47AB-414D-9437-E53824F50D86}
	EndGlobalSection
EndGlobal
